# This file is automatically @generated by Cargo.
# It is not intended for manual editing.
version = 4

[[package]]
name = "from-registry"
version = "0.1.0"
dependencies = [
 "rostnix-fixture-dep",
]

[[package]]
name = "rostnix-fixture-dep"
version = "0.1.0"
source = "sparse+http://127.0.0.1:18473/index/"
checksum = "53f3a20e3294d0ea51b803d0b4089a71c31da569dd3998594df70ac6669284d6"
